// !$*UTF8*$!
{
	archiveVersion = 1;
	classes = {
	};
	objectVersion = 46;
	objects = {

/* Begin PBXBuildFile section */
		1213657F1D783B4A00E6DA58 /* DistributionViewController.swift in Sources */ = {isa = PBXBuildFile; fileRef = 1213657E1D783B4A00E6DA58 /* DistributionViewController.swift */; };
		12DB5DC11D762D2F00771C34 /* AppDelegate.swift in Sources */ = {isa = PBXBuildFile; fileRef = 12DB5DC01D762D2F00771C34 /* AppDelegate.swift */; };
		12DB5DC31D762D2F00771C34 /* MainController.swift in Sources */ = {isa = PBXBuildFile; fileRef = 12DB5DC21D762D2F00771C34 /* MainController.swift */; };
		12DB5DC61D762D3000771C34 /* Main.storyboard in Resources */ = {isa = PBXBuildFile; fileRef = 12DB5DC41D762D3000771C34 /* Main.storyboard */; };
		12DB5DC91D762D3000771C34 /* Mafia.xcdatamodeld in Sources */ = {isa = PBXBuildFile; fileRef = 12DB5DC71D762D3000771C34 /* Mafia.xcdatamodeld */; };
		12DB5DCB1D762D3000771C34 /* Assets.xcassets in Resources */ = {isa = PBXBuildFile; fileRef = 12DB5DCA1D762D3000771C34 /* Assets.xcassets */; };
		12DB5DCE1D762D3000771C34 /* LaunchScreen.storyboard in Resources */ = {isa = PBXBuildFile; fileRef = 12DB5DCC1D762D3000771C34 /* LaunchScreen.storyboard */; };
		12DB5DD61D7639F100771C34 /* Podfile in Resources */ = {isa = PBXBuildFile; fileRef = 12DB5DD51D7639F100771C34 /* Podfile */; };
		12DB5DD91D76E51500771C34 /* CountTableViewController.swift in Sources */ = {isa = PBXBuildFile; fileRef = 12DB5DD81D76E51500771C34 /* CountTableViewController.swift */; };
		12DB5DDB1D76EED000771C34 /* CountTableCell.swift in Sources */ = {isa = PBXBuildFile; fileRef = 12DB5DDA1D76EED000771C34 /* CountTableCell.swift */; };
		12E0AF111D7CDD4A004560EA /* DataManager.swift in Sources */ = {isa = PBXBuildFile; fileRef = 12E0AF101D7CDD4A004560EA /* DataManager.swift */; };
		12E0AF3C1D7CF385004560EA /* MasterViewController.swift in Sources */ = {isa = PBXBuildFile; fileRef = 12E0AF3B1D7CF385004560EA /* MasterViewController.swift */; };
		12E0AF3F1D7D933F004560EA /* Map+CoreDataProperties.swift in Sources */ = {isa = PBXBuildFile; fileRef = 12E0AF3D1D7D933F004560EA /* Map+CoreDataProperties.swift */; };
		12E0AF401D7D933F004560EA /* Map.swift in Sources */ = {isa = PBXBuildFile; fileRef = 12E0AF3E1D7D933F004560EA /* Map.swift */; };
		F14547AA42A2288AA2269EB6 /* Pods_Mafia.framework in Frameworks */ = {isa = PBXBuildFile; fileRef = D22AFD2689280BA709112DFB /* Pods_Mafia.framework */; };
/* End PBXBuildFile section */

/* Begin PBXFileReference section */
		1213657E1D783B4A00E6DA58 /* DistributionViewController.swift */ = {isa = PBXFileReference; fileEncoding = 4; lastKnownFileType = sourcecode.swift; path = DistributionViewController.swift; sourceTree = "<group>"; };
		12DB5DBD1D762D2F00771C34 /* Mafia.app */ = {isa = PBXFileReference; explicitFileType = wrapper.application; includeInIndex = 0; path = Mafia.app; sourceTree = BUILT_PRODUCTS_DIR; };
		12DB5DC01D762D2F00771C34 /* AppDelegate.swift */ = {isa = PBXFileReference; lastKnownFileType = sourcecode.swift; path = AppDelegate.swift; sourceTree = "<group>"; };
		12DB5DC21D762D2F00771C34 /* MainController.swift */ = {isa = PBXFileReference; lastKnownFileType = sourcecode.swift; path = MainController.swift; sourceTree = "<group>"; };
		12DB5DC51D762D3000771C34 /* Base */ = {isa = PBXFileReference; lastKnownFileType = file.storyboard; name = Base; path = Base.lproj/Main.storyboard; sourceTree = "<group>"; };
		12DB5DC81D762D3000771C34 /* Mafia.xcdatamodel */ = {isa = PBXFileReference; lastKnownFileType = wrapper.xcdatamodel; path = Mafia.xcdatamodel; sourceTree = "<group>"; };
		12DB5DCA1D762D3000771C34 /* Assets.xcassets */ = {isa = PBXFileReference; lastKnownFileType = folder.assetcatalog; path = Assets.xcassets; sourceTree = "<group>"; };
		12DB5DCD1D762D3000771C34 /* Base */ = {isa = PBXFileReference; lastKnownFileType = file.storyboard; name = Base; path = Base.lproj/LaunchScreen.storyboard; sourceTree = "<group>"; };
		12DB5DCF1D762D3000771C34 /* Info.plist */ = {isa = PBXFileReference; lastKnownFileType = text.plist.xml; path = Info.plist; sourceTree = "<group>"; };
		12DB5DD51D7639F100771C34 /* Podfile */ = {isa = PBXFileReference; fileEncoding = 4; lastKnownFileType = text; path = Podfile; sourceTree = "<group>"; };
		12DB5DD81D76E51500771C34 /* CountTableViewController.swift */ = {isa = PBXFileReference; fileEncoding = 4; lastKnownFileType = sourcecode.swift; path = CountTableViewController.swift; sourceTree = "<group>"; };
		12DB5DDA1D76EED000771C34 /* CountTableCell.swift */ = {isa = PBXFileReference; fileEncoding = 4; lastKnownFileType = sourcecode.swift; path = CountTableCell.swift; sourceTree = "<group>"; };
		12E0AF101D7CDD4A004560EA /* DataManager.swift */ = {isa = PBXFileReference; fileEncoding = 4; lastKnownFileType = sourcecode.swift; path = DataManager.swift; sourceTree = "<group>"; };
		12E0AF3B1D7CF385004560EA /* MasterViewController.swift */ = {isa = PBXFileReference; fileEncoding = 4; lastKnownFileType = sourcecode.swift; path = MasterViewController.swift; sourceTree = "<group>"; };
		12E0AF3D1D7D933F004560EA /* Map+CoreDataProperties.swift */ = {isa = PBXFileReference; fileEncoding = 4; lastKnownFileType = sourcecode.swift; path = "Map+CoreDataProperties.swift"; sourceTree = "<group>"; };
		12E0AF3E1D7D933F004560EA /* Map.swift */ = {isa = PBXFileReference; fileEncoding = 4; lastKnownFileType = sourcecode.swift; path = Map.swift; sourceTree = "<group>"; };
		B4F1A6CB5DE95C6D78DBE7C4 /* Pods-Mafia.release.xcconfig */ = {isa = PBXFileReference; includeInIndex = 1; lastKnownFileType = text.xcconfig; name = "Pods-Mafia.release.xcconfig"; path = "Pods/Target Support Files/Pods-Mafia/Pods-Mafia.release.xcconfig"; sourceTree = "<group>"; };
		D22AFD2689280BA709112DFB /* Pods_Mafia.framework */ = {isa = PBXFileReference; explicitFileType = wrapper.framework; includeInIndex = 0; path = Pods_Mafia.framework; sourceTree = BUILT_PRODUCTS_DIR; };
		E8247D7A268152698C68415F /* Pods-Mafia.debug.xcconfig */ = {isa = PBXFileReference; includeInIndex = 1; lastKnownFileType = text.xcconfig; name = "Pods-Mafia.debug.xcconfig"; path = "Pods/Target Support Files/Pods-Mafia/Pods-Mafia.debug.xcconfig"; sourceTree = "<group>"; };
/* End PBXFileReference section */

/* Begin PBXFrameworksBuildPhase section */
		12DB5DBA1D762D2F00771C34 /* Frameworks */ = {
			isa = PBXFrameworksBuildPhase;
			buildActionMask = 2147483647;
			files = (
				F14547AA42A2288AA2269EB6 /* Pods_Mafia.framework in Frameworks */,
			);
			runOnlyForDeploymentPostprocessing = 0;
		};
/* End PBXFrameworksBuildPhase section */

/* Begin PBXGroup section */
		12DB5DB41D762D2F00771C34 = {
			isa = PBXGroup;
			children = (
				12DB5DD51D7639F100771C34 /* Podfile */,
				12DB5DBF1D762D2F00771C34 /* Mafia */,
				12DB5DBE1D762D2F00771C34 /* Products */,
				5D9485A62646CC0CD6A4F179 /* Pods */,
				4E6E97C03C03C6A09A1B6D06 /* Frameworks */,
			);
			sourceTree = "<group>";
		};
		12DB5DBE1D762D2F00771C34 /* Products */ = {
			isa = PBXGroup;
			children = (
				12DB5DBD1D762D2F00771C34 /* Mafia.app */,
			);
			name = Products;
			sourceTree = "<group>";
		};
		12DB5DBF1D762D2F00771C34 /* Mafia */ = {
			isa = PBXGroup;
			children = (
				12E0AF411D7E0FE7004560EA /* Cell */,
				12E0AED51D7CD933004560EA /* Models */,
				12E0AF101D7CDD4A004560EA /* DataManager.swift */,
				12DB5DC01D762D2F00771C34 /* AppDelegate.swift */,
				12DB5DC21D762D2F00771C34 /* MainController.swift */,
				12DB5DD81D76E51500771C34 /* CountTableViewController.swift */,
				1213657E1D783B4A00E6DA58 /* DistributionViewController.swift */,
				12E0AF3B1D7CF385004560EA /* MasterViewController.swift */,
				12DB5DC41D762D3000771C34 /* Main.storyboard */,
				12DB5DCA1D762D3000771C34 /* Assets.xcassets */,
				12DB5DCC1D762D3000771C34 /* LaunchScreen.storyboard */,
				12DB5DCF1D762D3000771C34 /* Info.plist */,
				12DB5DC71D762D3000771C34 /* Mafia.xcdatamodeld */,
			);
			path = Mafia;
			sourceTree = "<group>";
		};
		12E0AED51D7CD933004560EA /* Models */ = {
			isa = PBXGroup;
			children = (
				12E0AF3D1D7D933F004560EA /* Map+CoreDataProperties.swift */,
				12E0AF3E1D7D933F004560EA /* Map.swift */,
			);
			name = Models;
			sourceTree = "<group>";
		};
		12E0AF411D7E0FE7004560EA /* Cell */ = {
			isa = PBXGroup;
			children = (
				12DB5DDA1D76EED000771C34 /* CountTableCell.swift */,
			);
			name = Cell;
			sourceTree = "<group>";
		};
		4E6E97C03C03C6A09A1B6D06 /* Frameworks */ = {
			isa = PBXGroup;
			children = (
				D22AFD2689280BA709112DFB /* Pods_Mafia.framework */,
			);
			name = Frameworks;
			sourceTree = "<group>";
		};
		5D9485A62646CC0CD6A4F179 /* Pods */ = {
			isa = PBXGroup;
			children = (
				E8247D7A268152698C68415F /* Pods-Mafia.debug.xcconfig */,
				B4F1A6CB5DE95C6D78DBE7C4 /* Pods-Mafia.release.xcconfig */,
			);
			name = Pods;
			sourceTree = "<group>";
		};
/* End PBXGroup section */

/* Begin PBXNativeTarget section */
		12DB5DBC1D762D2F00771C34 /* Mafia */ = {
			isa = PBXNativeTarget;
			buildConfigurationList = 12DB5DD21D762D3000771C34 /* Build configuration list for PBXNativeTarget "Mafia" */;
			buildPhases = (
				600507F73C7C2EF5EBC92DB3 /* [CP] Check Pods Manifest.lock */,
				12DB5DB91D762D2F00771C34 /* Sources */,
				12DB5DBA1D762D2F00771C34 /* Frameworks */,
				12DB5DBB1D762D2F00771C34 /* Resources */,
				F3BA9CA711735270D3259E66 /* [CP] Embed Pods Frameworks */,
				4526E7DB49E564D2E8B9C0A2 /* [CP] Copy Pods Resources */,
			);
			buildRules = (
			);
			dependencies = (
			);
			name = Mafia;
			productName = Mafia;
			productReference = 12DB5DBD1D762D2F00771C34 /* Mafia.app */;
			productType = "com.apple.product-type.application";
		};
/* End PBXNativeTarget section */

/* Begin PBXProject section */
		12DB5DB51D762D2F00771C34 /* Project object */ = {
			isa = PBXProject;
			attributes = {
				LastSwiftUpdateCheck = 0730;
				LastUpgradeCheck = 0730;
				ORGANIZATIONNAME = "Anton Pavlov";
				TargetAttributes = {
					12DB5DBC1D762D2F00771C34 = {
						CreatedOnToolsVersion = 7.3.1;
					};
				};
			};
			buildConfigurationList = 12DB5DB81D762D2F00771C34 /* Build configuration list for PBXProject "Mafia" */;
			compatibilityVersion = "Xcode 3.2";
			developmentRegion = English;
			hasScannedForEncodings = 0;
			knownRegions = (
				en,
				Base,
			);
			mainGroup = 12DB5DB41D762D2F00771C34;
			productRefGroup = 12DB5DBE1D762D2F00771C34 /* Products */;
			projectDirPath = "";
			projectRoot = "";
			targets = (
				12DB5DBC1D762D2F00771C34 /* Mafia */,
			);
		};
/* End PBXProject section */

/* Begin PBXResourcesBuildPhase section */
		12DB5DBB1D762D2F00771C34 /* Resources */ = {
			isa = PBXResourcesBuildPhase;
			buildActionMask = 2147483647;
			files = (
				12DB5DCE1D762D3000771C34 /* LaunchScreen.storyboard in Resources */,
				12DB5DCB1D762D3000771C34 /* Assets.xcassets in Resources */,
				12DB5DD61D7639F100771C34 /* Podfile in Resources */,
				12DB5DC61D762D3000771C34 /* Main.storyboard in Resources */,
			);
			runOnlyForDeploymentPostprocessing = 0;
		};
/* End PBXResourcesBuildPhase section */

/* Begin PBXShellScriptBuildPhase section */
		4526E7DB49E564D2E8B9C0A2 /* [CP] Copy Pods Resources */ = {
			isa = PBXShellScriptBuildPhase;
			buildActionMask = 2147483647;
			files = (
			);
			inputPaths = (
			);
			name = "[CP] Copy Pods Resources";
			outputPaths = (
			);
			runOnlyForDeploymentPostprocessing = 0;
			shellPath = /bin/sh;
			shellScript = "\"${SRCROOT}/Pods/Target Support Files/Pods-Mafia/Pods-Mafia-resources.sh\"\n";
			showEnvVarsInLog = 0;
		};
		600507F73C7C2EF5EBC92DB3 /* [CP] Check Pods Manifest.lock */ = {
			isa = PBXShellScriptBuildPhase;
			buildActionMask = 2147483647;
			files = (
			);
			inputPaths = (
			);
			name = "[CP] Check Pods Manifest.lock";
			outputPaths = (
			);
			runOnlyForDeploymentPostprocessing = 0;
			shellPath = /bin/sh;
			shellScript = "diff \"${PODS_ROOT}/../Podfile.lock\" \"${PODS_ROOT}/Manifest.lock\" > /dev/null\nif [[ $? != 0 ]] ; then\n    cat << EOM\nerror: The sandbox is not in sync with the Podfile.lock. Run 'pod install' or update your CocoaPods installation.\nEOM\n    exit 1\nfi\n";
			showEnvVarsInLog = 0;
		};
		F3BA9CA711735270D3259E66 /* [CP] Embed Pods Frameworks */ = {
			isa = PBXShellScriptBuildPhase;
			buildActionMask = 2147483647;
			files = (
			);
			inputPaths = (
			);
			name = "[CP] Embed Pods Frameworks";
			outputPaths = (
			);
			runOnlyForDeploymentPostprocessing = 0;
			shellPath = /bin/sh;
			shellScript = "\"${SRCROOT}/Pods/Target Support Files/Pods-Mafia/Pods-Mafia-frameworks.sh\"\n";
			showEnvVarsInLog = 0;
		};
/* End PBXShellScriptBuildPhase section */

/* Begin PBXSourcesBuildPhase section */
		12DB5DB91D762D2F00771C34 /* Sources */ = {
			isa = PBXSourcesBuildPhase;
			buildActionMask = 2147483647;
			files = (
				12E0AF401D7D933F004560EA /* Map.swift in Sources */,
				12E0AF3C1D7CF385004560EA /* MasterViewController.swift in Sources */,
				12DB5DC31D762D2F00771C34 /* MainController.swift in Sources */,
				12DB5DD91D76E51500771C34 /* CountTableViewController.swift in Sources */,
				1213657F1D783B4A00E6DA58 /* DistributionViewController.swift in Sources */,
				12DB5DC11D762D2F00771C34 /* AppDelegate.swift in Sources */,
				12E0AF3F1D7D933F004560EA /* Map+CoreDataProperties.swift in Sources */,
				12DB5DC91D762D3000771C34 /* Mafia.xcdatamodeld in Sources */,
				12E0AF111D7CDD4A004560EA /* DataManager.swift in Sources */,
				12DB5DDB1D76EED000771C34 /* CountTableCell.swift in Sources */,
			);
			runOnlyForDeploymentPostprocessing = 0;
		};
/* End PBXSourcesBuildPhase section */

/* Begin PBXVariantGroup section */
		12DB5DC41D762D3000771C34 /* Main.storyboard */ = {
			isa = PBXVariantGroup;
			children = (
				12DB5DC51D762D3000771C34 /* Base */,
			);
			name = Main.storyboard;
			sourceTree = "<group>";
		};
		12DB5DCC1D762D3000771C34 /* LaunchScreen.storyboard */ = {
			isa = PBXVariantGroup;
			children = (
				12DB5DCD1D762D3000771C34 /* Base */,
			);
			name = LaunchScreen.storyboard;
			sourceTree = "<group>";
		};
/* End PBXVariantGroup section */

/* Begin XCBuildConfiguration section */
		12DB5DD01D762D3000771C34 /* Debug */ = {
			isa = XCBuildConfiguration;
			buildSettings = {
				ALWAYS_SEARCH_USER_PATHS = NO;
				CLANG_ANALYZER_NONNULL = YES;
				CLANG_CXX_LANGUAGE_STANDARD = "gnu++0x";
				CLANG_CXX_LIBRARY = "libc++";
				CLANG_ENABLE_MODULES = YES;
				CLANG_ENABLE_OBJC_ARC = YES;
				CLANG_WARN_BOOL_CONVERSION = YES;
				CLANG_WARN_CONSTANT_CONVERSION = YES;
				CLANG_WARN_DIRECT_OBJC_ISA_USAGE = YES_ERROR;
				CLANG_WARN_EMPTY_BODY = YES;
				CLANG_WARN_ENUM_CONVERSION = YES;
				CLANG_WARN_INT_CONVERSION = YES;
				CLANG_WARN_OBJC_ROOT_CLASS = YES_ERROR;
				CLANG_WARN_UNREACHABLE_CODE = YES;
				CLANG_WARN__DUPLICATE_METHOD_MATCH = YES;
				"CODE_SIGN_IDENTITY[sdk=iphoneos*]" = "iPhone Developer";
				COPY_PHASE_STRIP = NO;
				DEBUG_INFORMATION_FORMAT = dwarf;
				ENABLE_STRICT_OBJC_MSGSEND = YES;
				ENABLE_TESTABILITY = YES;
				GCC_C_LANGUAGE_STANDARD = gnu99;
				GCC_DYNAMIC_NO_PIC = NO;
				GCC_NO_COMMON_BLOCKS = YES;
				GCC_OPTIMIZATION_LEVEL = 0;
				GCC_PREPROCESSOR_DEFINITIONS = (
					"DEBUG=1",
					"$(inherited)",
				);
				GCC_WARN_64_TO_32_BIT_CONVERSION = YES;
				GCC_WARN_ABOUT_RETURN_TYPE = YES_ERROR;
				GCC_WARN_UNDECLARED_SELECTOR = YES;
				GCC_WARN_UNINITIALIZED_AUTOS = YES_AGGRESSIVE;
				GCC_WARN_UNUSED_FUNCTION = YES;
				GCC_WARN_UNUSED_VARIABLE = YES;
				IPHONEOS_DEPLOYMENT_TARGET = 9.3;
				MTL_ENABLE_DEBUG_INFO = YES;
				ONLY_ACTIVE_ARCH = YES;
				SDKROOT = iphoneos;
				SWIFT_OPTIMIZATION_LEVEL = "-Onone";
				TARGETED_DEVICE_FAMILY = "1,2";
			};
			name = Debug;
		};
		12DB5DD11D762D3000771C34 /* Release */ = {
			isa = XCBuildConfiguration;
			buildSettings = {
				ALWAYS_SEARCH_USER_PATHS = NO;
				CLANG_ANALYZER_NONNULL = YES;
				CLANG_CXX_LANGUAGE_STANDARD = "gnu++0x";
				CLANG_CXX_LIBRARY = "libc++";
				CLANG_ENABLE_MODULES = YES;
				CLANG_ENABLE_OBJC_ARC = YES;
				CLANG_WARN_BOOL_CONVERSION = YES;
				CLANG_WARN_CONSTANT_CONVERSION = YES;
				CLANG_WARN_DIRECT_OBJC_ISA_USAGE = YES_ERROR;
				CLANG_WARN_EMPTY_BODY = YES;
				CLANG_WARN_ENUM_CONVERSION = YES;
				CLANG_WARN_INT_CONVERSION = YES;
				CLANG_WARN_OBJC_ROOT_CLASS = YES_ERROR;
				CLANG_WARN_UNREACHABLE_CODE = YES;
				CLANG_WARN__DUPLICATE_METHOD_MATCH = YES;
				"CODE_SIGN_IDENTITY[sdk=iphoneos*]" = "iPhone Developer";
				COPY_PHASE_STRIP = NO;
				DEBUG_INFORMATION_FORMAT = "dwarf-with-dsym";
				ENABLE_NS_ASSERTIONS = NO;
				ENABLE_STRICT_OBJC_MSGSEND = YES;
				GCC_C_LANGUAGE_STANDARD = gnu99;
				GCC_NO_COMMON_BLOCKS = YES;
				GCC_WARN_64_TO_32_BIT_CONVERSION = YES;
				GCC_WARN_ABOUT_RETURN_TYPE = YES_ERROR;
				GCC_WARN_UNDECLARED_SELECTOR = YES;
				GCC_WARN_UNINITIALIZED_AUTOS = YES_AGGRESSIVE;
				GCC_WARN_UNUSED_FUNCTION = YES;
				GCC_WARN_UNUSED_VARIABLE = YES;
				IPHONEOS_DEPLOYMENT_TARGET = 9.3;
				MTL_ENABLE_DEBUG_INFO = NO;
				SDKROOT = iphoneos;
				TARGETED_DEVICE_FAMILY = "1,2";
				VALIDATE_PRODUCT = YES;
			};
			name = Release;
		};
		12DB5DD31D762D3000771C34 /* Debug */ = {
			isa = XCBuildConfiguration;
			baseConfigurationReference = E8247D7A268152698C68415F /* Pods-Mafia.debug.xcconfig */;
			buildSettings = {
				ASSETCATALOG_COMPILER_APPICON_NAME = AppIcon;
				CLANG_ENABLE_MODULES = YES;
				INFOPLIST_FILE = Mafia/Info.plist;
				LD_RUNPATH_SEARCH_PATHS = "$(inherited) @executable_path/Frameworks";
				PRODUCT_BUNDLE_IDENTIFIER = AntonPavlov.Mafia;
				PRODUCT_NAME = "$(TARGET_NAME)";
				SWIFT_OPTIMIZATION_LEVEL = "-Onone";
			};
			name = Debug;
		};
		12DB5DD41D762D3000771C34 /* Release */ = {
			isa = XCBuildConfiguration;
			baseConfigurationReference = B4F1A6CB5DE95C6D78DBE7C4 /* Pods-Mafia.release.xcconfig */;
			buildSettings = {
				ASSETCATALOG_COMPILER_APPICON_NAME = AppIcon;
				CLANG_ENABLE_MODULES = YES;
				INFOPLIST_FILE = Mafia/Info.plist;
				LD_RUNPATH_SEARCH_PATHS = "$(inherited) @executable_path/Frameworks";
				PRODUCT_BUNDLE_IDENTIFIER = AntonPavlov.Mafia;
				PRODUCT_NAME = "$(TARGET_NAME)";
			};
			name = Release;
		};
/* End XCBuildConfiguration section */

/* Begin XCConfigurationList section */
		12DB5DB81D762D2F00771C34 /* Build configuration list for PBXProject "Mafia" */ = {
			isa = XCConfigurationList;
			buildConfigurations = (
				12DB5DD01D762D3000771C34 /* Debug */,
				12DB5DD11D762D3000771C34 /* Release */,
			);
			defaultConfigurationIsVisible = 0;
			defaultConfigurationName = Release;
		};
		12DB5DD21D762D3000771C34 /* Build configuration list for PBXNativeTarget "Mafia" */ = {
			isa = XCConfigurationList;
			buildConfigurations = (
				12DB5DD31D762D3000771C34 /* Debug */,
				12DB5DD41D762D3000771C34 /* Release */,
			);
			defaultConfigurationIsVisible = 0;
			defaultConfigurationName = Release;
		};
/* End XCConfigurationList section */

/* Begin XCVersionGroup section */
		12DB5DC71D762D3000771C34 /* Mafia.xcdatamodeld */ = {
			isa = XCVersionGroup;
			children = (
				12DB5DC81D762D3000771C34 /* Mafia.xcdatamodel */,
			);
			currentVersion = 12DB5DC81D762D3000771C34 /* Mafia.xcdatamodel */;
			path = Mafia.xcdatamodeld;
			sourceTree = "<group>";
			versionGroupType = wrapper.xcdatamodel;
		};
/* End XCVersionGroup section */
	};
	rootObject = 12DB5DB51D762D2F00771C34 /* Project object */;
}
